lockfileVersion: '9.0'

settings:
  autoInstallPeers: true
  excludeLinksFromLockfile: false

importers:

  .:
    devDependencies:
      '@stdlib/number-int32-base-mul':
        specifier: ^0.0.1
        version: 0.0.1
      '@stdlib/number-uint32-base-muldw':
        specifier: ^0.1.1
        version: 0.1.1

packages:

  '@stdlib/assert-has-own-property@0.2.3':
    resolution: {integrity: sha512-BnX1Lpvd9YaucQLokQrf7ppLwa3V+nTUQ9qoys5SloYhjwbYWtO61SJVT2JK+cfsCxUAx/HAh3dN1qTKxx1PIg==}
    engines: {node: '>=0.10.0', npm: '>2.7.0'}
    os: [aix, darwin, freebsd, linux, macos, openbsd, sunos, win32, windows]

  '@stdlib/assert-has-symbol-support@0.2.3':
    resolution: {integrity: sha512-yNsJnCb7HWye5xhZ/eRIpp28HwOVFF5gUCKeT1p4haoDJOn+3YEPYaXMn4mYK6kRN96tUhovlJQv9H/9jwnLpA==}
    engines: {node: '>=0.10.0', npm: '>2.7.0'}
    os: [aix, darwin, freebsd, linux, macos, openbsd, sunos, win32, windows]

  '@stdlib/assert-has-tostringtag-support@0.2.3':
    resolution: {integrity: sha512-9sULfRKYneF/Mq6F96xqeQrf0a9wdJc1lNZf2wfs1EtRwQHQfx5+QlYl7hp3gWI/iid5M4Npme86T0413eaBfA==}
    engines: {node: '>=0.10.0', npm: '>2.7.0'}
    os: [aix, darwin, freebsd, linux, macos, openbsd, sunos, win32, windows]

  '@stdlib/assert-is-array@0.2.3':
    resolution: {integrity: sha512-ayRsLGmssNO+8SR63tPP2+LZCxFVsSXtdN0ToSdm0kAOaGT4e0FoQus+AlFdhW5xWtvoxL8r5WKTVqJ514/rvQ==}
    engines: {node: '>=0.10.0', npm: '>2.7.0'}
    os: [aix, darwin, freebsd, linux, macos, openbsd, sunos, win32, windows]

  '@stdlib/assert-is-boolean@0.2.3':
    resolution: {integrity: sha512-36BETlRDrBeCOBLowW1/vqk9wD+OA3Wp9eQxFij/7icKiMDURH+Fiw2hfbhaZ3c3Y9uEN0rAdOT7AJlwWhXc7Q==}
    engines: {node: '>=0.10.0', npm: '>2.7.0'}
    os: [aix, darwin, freebsd, linux, macos, openbsd, sunos, win32, windows]

  '@stdlib/assert-is-buffer@0.2.3':
    resolution: {integrity: sha512-ppnL0sC5XHSk221AYjT4zD33TDB/XuSkhbbbr5sviTH5+88KAqy7SjFlvcpqpvB2BvEVzqRE1fgVso8SjGQD+A==}
    engines: {node: '>=0.10.0', npm: '>2.7.0'}
    os: [aix, darwin, freebsd, linux, macos, openbsd, sunos, win32, windows]

  '@stdlib/assert-is-function@0.2.3':
    resolution: {integrity: sha512-6EdSkdJ1KtILdGb84MhherNtitGgzHH+u6rs1gGj+294wg/9IzLYaaHDktJVRN/viD3XLEQjPGzSTq5x5DzPbQ==}
    engines: {node: '>=0.10.0', npm: '>2.7.0'}
    os: [aix, darwin, freebsd, linux, macos, openbsd, sunos, win32, windows]

  '@stdlib/assert-is-object-like@0.2.3':
    resolution: {integrity: sha512-K6G58h5euEVSEZvFZSHADoYL7sixNTRy+ezHl/I3byJpC9PJdvTO0XWYD0CT0yVXIaqmCYU2NsPpgGdcPLELFg==}
    engines: {node: '>=0.10.0', npm: '>2.7.0'}
    os: [aix, darwin, freebsd, linux, macos, openbsd, sunos, win32, windows]

  '@stdlib/assert-is-object@0.2.3':
    resolution: {integrity: sha512-H9NaVGuPl4qA3J4gDAzy+sHCkTImVycoNd7izPF63JuAlEO6KTdpVK7stQBXgcWf1pyRHem7ZTJCzht2UMLzcA==}
    engines: {node: '>=0.10.0', npm: '>2.7.0'}
    os: [aix, darwin, freebsd, linux, macos, openbsd, sunos, win32, windows]

  '@stdlib/assert-is-plain-object@0.2.3':
    resolution: {integrity: sha512-MRdn9kuzC4Hf/2Z/911yZUso6s6f048Ck3dO1j9scHk9EKnU404XrC5NJHeZ9OaI/689Fs+JKDWyKyqyHYRV8A==}
    engines: {node: '>=0.10.0', npm: '>2.7.0'}
    os: [aix, darwin, freebsd, linux, macos, openbsd, sunos, win32, windows]

  '@stdlib/assert-is-regexp@0.2.3':
    resolution: {integrity: sha512-+QlQMHrmSmF++7gK0Jjgy7W5aa91gAfpFWPyY4gUwkrSc+mY+JPPYW4peAf+v6dXABOgfKH/JOaFPSv227SSTQ==}
    engines: {node: '>=0.10.0', npm: '>2.7.0'}
    os: [aix, darwin, freebsd, linux, macos, openbsd, sunos, win32, windows]

  '@stdlib/assert-is-string@0.2.3':
    resolution: {integrity: sha512-KC2sHwnIo775uEPRG7miERHb3DMABf37jS6o2bmcMHyME+gl+HC/bnqgwYTfgOsM0YOvYMSgA1HJo6iPDXdFrw==}
    engines: {node: '>=0.10.0', npm: '>2.7.0'}
    os: [aix, darwin, freebsd, linux, macos, openbsd, sunos, win32, windows]

  '@stdlib/assert-tools-array-function@0.2.3':
    resolution: {integrity: sha512-z2a2G6f9Exz/V0UfE00TLm1sp6W+pOdYltekRRgdEgFNPPP66WxaJfFLkXwqZv0X75U6TuQ0pp7tFq6Ac0lf5A==}
    engines: {node: '>=0.10.0', npm: '>2.7.0'}
    os: [aix, darwin, freebsd, linux, macos, openbsd, sunos, win32, windows]

  '@stdlib/boolean-ctor@0.2.3':
    resolution: {integrity: sha512-JmVu1SdJHYK5ubLl8nqi0gfYX5kAcSRRJYNQ7JuG8oU6WtkIMsC0ahQ8+3G673czRaQ7HGE+pL0IZiH/s8HSrQ==}
    engines: {node: '>=0.10.0', npm: '>2.7.0'}
    os: [aix, darwin, freebsd, linux, macos, openbsd, sunos, win32, windows]

  '@stdlib/error-tools-fmtprodmsg@0.2.3':
    resolution: {integrity: sha512-mt4YRp52oCkNWhxkUIJkeGaFnSvZkyfl4rOJX8Drz99xFiIdanXcSacckhrXXu6NQvMDKidCGr6DvrhHHx15LQ==}
    engines: {node: '>=0.10.0', npm: '>2.7.0'}
    os: [aix, darwin, freebsd, linux, macos, openbsd, sunos, win32, windows]

  '@stdlib/fs-exists@0.2.3':
    resolution: {integrity: sha512-kfHok9sKxvCftgWriVtNjqezNZA72Q/rJh78lcrGCLPvSHGIAL460olzl7D1OgAgQvM3Cwdoupay0o3dBCCwVQ==}
    engines: {node: '>=0.10.0', npm: '>2.7.0'}
    os: [aix, darwin, freebsd, linux, macos, openbsd, sunos, win32, windows]

  '@stdlib/fs-resolve-parent-path@0.2.3':
    resolution: {integrity: sha512-bof7pQQewv8LLaSi2Ut77mkEv4v45Z/w/hYocG0UUzmXhu4lXIiCcXz9ZAMJC4tdN5hwBReJGfJ0mQryddhGGA==}
    engines: {node: '>=0.10.0', npm: '>2.7.0'}
    os: [aix, darwin, freebsd, linux, macos, openbsd, sunos, win32, windows]

  '@stdlib/math-base-assert-is-nan@0.2.3':
    resolution: {integrity: sha512-mj1p+JUSfbsiBI3+hwRV7bS0qgI2nWdzrFtBJUSLk+17MJSdA4aboUsXM12wIV1kg5JNfEAn+5eh4NF/sMvaoQ==}
    engines: {node: '>=0.10.0', npm: '>2.7.0'}
    os: [aix, darwin, freebsd, linux, macos, openbsd, sunos, win32, windows]

  '@stdlib/number-int32-base-mul@0.0.1':
    resolution: {integrity: sha512-b0DlaM4nujbf60OLQP4B8bnjmeYgDLWxFqU+Un92jY7WGP3HyjYlu+jAiytvBXxAyiFaKL+SKy6fyvlAGVln8Q==}
    engines: {node: '>=0.10.0', npm: '>2.7.0'}
    os: [aix, darwin, freebsd, linux, macos, openbsd, sunos, win32, windows]

  '@stdlib/number-uint32-base-muldw@0.1.1':
    resolution: {integrity: sha512-g4mY71BDKOPZuPUWBPtswfiE2GlW6b3TjvRlOs1t3I4s2lPS3wXiNhsS6EFpkS6VecvS+fC//B9gKpuVIt1ySQ==}
    engines: {node: '>=0.10.0', npm: '>2.7.0'}
    os: [aix, darwin, freebsd, linux, macos, openbsd, sunos, win32, windows]

  '@stdlib/object-ctor@0.2.2':
    resolution: {integrity: sha512-3zkUkzZ9LdX+J5fEyU/D7I2c+0qG+ejNI3tCtSFek35bezdqWs9tOAAUiU6HeQJcGgqOmkakB4apIxvN+eehCA==}
    engines: {node: '>=0.10.0', npm: '>2.7.0'}
    os: [aix, darwin, freebsd, linux, macos, openbsd, sunos, win32, windows]

  '@stdlib/process-cwd@0.2.3':
    resolution: {integrity: sha512-T/sYVJjs9iHAOK9B8yGymGY+59eAz20G7eL/G4cObT6sWssAF7s/2+KgzAvWB0maE9qX6qnP4zBg2msCsWwvVg==}
    engines: {node: '>=0.10.0', npm: '>2.7.0'}
    os: [aix, darwin, freebsd, linux, macos, openbsd, sunos, win32, windows]

  '@stdlib/regexp-extended-length-path@0.2.3':
    resolution: {integrity: sha512-3HYXiSzBpKz4nSOCtrYtMw9/OXN4EmTvq0owXv6HMvvDweFskieBcdNlVcOl0ViezjvUuvUL0DHJHdGp6SQEIw==}
    engines: {node: '>=0.10.0', npm: '>2.7.0'}
    os: [aix, darwin, freebsd, linux, macos, openbsd, sunos, win32, windows]

  '@stdlib/regexp-function-name@0.2.3':
    resolution: {integrity: sha512-ER1C2rUW5Kzu5w4W0gbrJdIj5STNO5RfNy4GeiqycezeiXT99G393QeN4irqcOItYkeZhwbpY2ZzwlLxQvod1A==}
    engines: {node: '>=0.10.0', npm: '>2.7.0'}
    os: [aix, darwin, freebsd, linux, macos, openbsd, sunos, win32, windows]

  '@stdlib/string-base-format-interpolate@0.2.4':
    resolution: {integrity: sha512-POG725+DPEmzEJbMFTFPdKM4vA5i+t7juNYs+H2cQz5JXiPV1+5+P3epnO+/DqHWzLhiMlsKDCZq03C3WcBkSA==}
    engines: {node: '>=0.10.0', npm: '>2.7.0'}
    os: [aix, darwin, freebsd, linux, macos, openbsd, sunos, win32, windows]

  '@stdlib/string-base-format-tokenize@0.2.4':
    resolution: {integrity: sha512-qYHSmqFv7vloLFvjBAbZCn5qtxj7M+Qru3VqBooJTxWMcUeZOEBZg18/PFgfUrZhji5MVWDXbRTAx5Bu5M5nQA==}
    engines: {node: '>=0.10.0', npm: '>2.7.0'}
    os: [aix, darwin, freebsd, linux, macos, openbsd, sunos, win32, windows]

  '@stdlib/string-base-lowercase@0.4.1':
    resolution: {integrity: sha512-3NcDy2j6HtvKrC2GRCt5mKiYaWWHLLSQRSbuu28WEzA98/2izmiHYkR0i9IeEd4Tqrxqof/FXP4gWj1f14RXTQ==}
    engines: {node: '>=0.10.0', npm: '>2.7.0'}
    os: [aix, darwin, freebsd, linux, macos, openbsd, sunos, win32, windows]

  '@stdlib/string-base-replace@0.2.3':
    resolution: {integrity: sha512-FJdh2GzIkgMlr0v/ZZKD5cWRs+SMOhBTWxAexmWoYFL3WL1YMDgwI5hRtYh/ySyOy94MjJmYwRMpIVdxeclrAw==}
    engines: {node: '>=0.10.0', npm: '>2.7.0'}
    os: [aix, darwin, freebsd, linux, macos, openbsd, sunos, win32, windows]

  '@stdlib/string-format@0.2.3':
    resolution: {integrity: sha512-uE0LHUUnWKfxFeipyfb9yWbs+iczz6dHaolSGC1WBzMVyeHqx8xvq+yP3f2POYWgEcknmxNgU21WSqToSNrxdA==}
    engines: {node: '>=0.10.0', npm: '>2.7.0'}
    os: [aix, darwin, freebsd, linux, macos, openbsd, sunos, win32, windows]

  '@stdlib/string-replace@0.2.3':
    resolution: {integrity: sha512-CXJhl/L2TfRrkVUNVp8OfNsKeuUzOZXzJLUDoopHtQalbWBww1fDSDj1fwGpzgZV4IODs8LCsiIxLBnLRP6emg==}
    engines: {node: '>=0.10.0', npm: '>2.7.0'}
    os: [aix, darwin, freebsd, linux, macos, openbsd, sunos, win32, windows]

  '@stdlib/symbol-ctor@0.2.3':
    resolution: {integrity: sha512-wnuFrxnmhg2p6QQP0B/j97LD5ys2d1bHuwVvh9yuUSCLoX/GankaVyGSufk2ROlsxrcm2HPhSDB/ILBHeUmamA==}
    engines: {node: '>=0.10.0', npm: '>2.7.0'}
    os: [aix, darwin, freebsd, linux, macos, openbsd, sunos, win32, windows]

  '@stdlib/types@0.4.3':
    resolution: {integrity: sha512-9GCqS2eni2VSwa5/CCniAJ4I1eWLtvior1z6hoPJp6VTNMgW9Lh4BiI84IO0xun/0qAclJ+mTGTiCTZxZLK13A==}
    engines: {node: '>=0.10.0', npm: '>2.7.0'}
    os: [aix, darwin, freebsd, linux, macos, openbsd, sunos, win32, windows]

  '@stdlib/utils-constructor-name@0.2.3':
    resolution: {integrity: sha512-/ApogDUIFxndcmnEeI6ctsqWt66c40g1T7R0nS9aOoYgnDOdmpUFSflzf++MDWksBycGsqgm1UD7IU54m4u7jg==}
    engines: {node: '>=0.10.0', npm: '>2.7.0'}
    os: [aix, darwin, freebsd, linux, macos, openbsd, sunos, win32, windows]

  '@stdlib/utils-convert-path@0.2.3':
    resolution: {integrity: sha512-fmqJ6Qvce0HV7D+uYrram/+iAHB3u2gMys9zeh0uc/h411sB8Hw9X7i1w2cJevCpouMzqTnpzp75C+swkoQlKA==}
    engines: {node: '>=0.10.0', npm: '>2.7.0'}
    os: [aix, darwin, freebsd, linux, macos, openbsd, sunos, win32, windows]

  '@stdlib/utils-define-nonenumerable-read-only-property@0.2.3':
    resolution: {integrity: sha512-W0rqnRsXgW3GjcwEcOMi0mI/CXn3TVqmFvcxItLUZPJNYmwrU6+t+9kGldhMw845DyOtv8uYASrnNoVE/VfiDw==}
    engines: {node: '>=0.10.0', npm: '>2.7.0'}
    os: [aix, darwin, freebsd, linux, macos, openbsd, sunos, win32, windows]

  '@stdlib/utils-define-property@0.2.5':
    resolution: {integrity: sha512-WpbXc2uq8vtSqmWFzVrFifNj6HGoGHIZHolxX5GfRFbj4RNme1u/wtklmiOvcHE0s6SwPX764tuFXIgHBR5Vag==}
    engines: {node: '>=0.10.0', npm: '>2.7.0'}
    os: [aix, darwin, freebsd, linux, macos, openbsd, sunos, win32, windows]

  '@stdlib/utils-escape-regexp-string@0.2.3':
    resolution: {integrity: sha512-ZQAq5HHF+C1fmK+RvqeMO0iIQf5kGl2Ofx9LYloURUPZD2zVMX+2hxDLFBTPAusqYxffQAjj3ap4LE/J0+YiRQ==}
    engines: {node: '>=0.10.0', npm: '>2.7.0'}
    os: [aix, darwin, freebsd, linux, macos, openbsd, sunos, win32, windows]

  '@stdlib/utils-get-prototype-of@0.2.3':
    resolution: {integrity: sha512-unEoKhhAnV4AbQ87oPo1v+4xLjd00nQxJLSvl43PkdoBn/GKNv/B6SMnQWmM5b62esWTbxBu/uWCYoglbprxkA==}
    engines: {node: '>=0.10.0', npm: '>2.7.0'}
    os: [aix, darwin, freebsd, linux, macos, openbsd, sunos, win32, windows]

  '@stdlib/utils-global@0.2.3':
    resolution: {integrity: sha512-e8gyuENhSeF8udH7vlZMDbNVQ/ZxZ4vWOcpB2iw06z1HSFZWc31Coh19ScfgagLfofo2GQYPJI3tJtZQYsUS6A==}
    engines: {node: '>=0.10.0', npm: '>2.7.0'}
    os: [aix, darwin, freebsd, linux, macos, openbsd, sunos, win32, windows]

  '@stdlib/utils-library-manifest@0.2.4':
    resolution: {integrity: sha512-sNzEclCbpRRa35DBv8ZOcOjCesBLczkOFX8o7mMrG9VWhyZuJUCBtgSPmzGIIBLAsVEYJuguEk4iYoMqFnCwnw==}
    engines: {node: '>=0.10.0', npm: '>2.7.0'}
    os: [aix, darwin, freebsd, linux, macos, openbsd, sunos, win32, windows]

  '@stdlib/utils-native-class@0.2.3':
    resolution: {integrity: sha512-UGXCPhgmOjwMpEQ5fFiifcqrhUnP8ICyWzEkHphUrh2/0pHyK0zilZvcODfROgzoy6L9ivUUuR6NjrAI+j14hA==}
    engines: {node: '>=0.10.0', npm: '>2.7.0'}
    os: [aix, darwin, freebsd, linux, macos, openbsd, sunos, win32, windows]

  '@stdlib/utils-type-of@0.2.3':
    resolution: {integrity: sha512-2KmDUfqIv0g4lrWtnyR5xw82NvdsEwUHON43JAe55XRlLWnk1V1troiyJiM9fccENtl524kVRBnD7RMohmUyyQ==}
    engines: {node: '>=0.10.0', npm: '>2.7.0'}
    os: [aix, darwin, freebsd, linux, macos, openbsd, sunos, win32, windows]

  debug@2.6.9:
    resolution: {integrity: sha512-bC7ElrdJaJnPbAP+1EotYvqZsb3ecl5wi6Bfi6BJTUcNowp6cvspg0jXznRTKDjm/E7AdgFBVeAPVMNcKGsHMA==}
    peerDependencies:
      supports-color: '*'
    peerDependenciesMeta:
      supports-color:
        optional: true

  es-errors@1.3.0:
    resolution: {integrity: sha512-Zf5H2Kxt2xjTvbJvP2ZWLEICxA6j+hAmMzIlypy4xcBg1vKVnx89Wy0GbS+kf5cwCVFFzdCFh2XSCFNULS6csw==}
    engines: {node: '>= 0.4'}

  function-bind@1.1.2:
    resolution: {integrity: sha512-7XHNxH7qX9xG5mIwxkhumTox/MIRNcOgDrxWsMt2pAr23WHp6MrRlN7FBSFpCpr+oVO0F744iUgR82nJMfG2SA==}

  hasown@2.0.3:
    resolution: {integrity: sha512-ej4AhfhfL2Q2zpMmLo7U1Uv9+PyhIZpgQLGT1F9miIGmiCJIoCgSmczFdrc97mWT4kVY72KA+WnnhJ5pghSvSg==}
    engines: {node: '>= 0.4'}

  is-core-module@2.16.1:
    resolution: {integrity: sha512-UfoeMA6fIJ8wTYFEUjelnaGI67v6+N7qXJEvQuIGa99l4xsCruSYOVSQ0uPANn4dAzm8lkYPaKLrrijLq7x23w==}
    engines: {node: '>= 0.4'}

  ms@2.0.0:
    resolution: {integrity: sha512-Tpp60P6IUJDTuOq/5Z8cdskzJujfwqfOTkrwIwj7IRISpnkJnT6SyJ4PCPnGMoFjC9ddhal5KVIYtAt97ix05A==}

  path-parse@1.0.7:
    resolution: {integrity: sha512-LDJzPVEEEPR+y48z93A0Ed0yXb8pAByGWo/k5YYdYgpY2/2EsOsksJrq7lOHxryrVOn1ejG6oAp8ahvOIQD8sw==}

  resolve@1.22.12:
    resolution: {integrity: sha512-TyeJ1zif53BPfHootBGwPRYT1RUt6oGWsaQr8UyZW/eAm9bKoijtvruSDEmZHm92CwS9nj7/fWttqPCgzep8CA==}
    engines: {node: '>= 0.4'}
    hasBin: true

  supports-preserve-symlinks-flag@1.0.0:
    resolution: {integrity: sha512-ot0WnXS9fgdkgIcePe6RHNk1WA8+muPa6cSjeR3V8K27q9BB1rTE3R1p7Hv0z1ZyAc8s6Vvv8DIyWf681MAt0w==}
    engines: {node: '>= 0.4'}

snapshots:

  '@stdlib/assert-has-own-property@0.2.3': {}

  '@stdlib/assert-has-symbol-support@0.2.3': {}

  '@stdlib/assert-has-tostringtag-support@0.2.3':
    dependencies:
      '@stdlib/assert-has-symbol-support': 0.2.3

  '@stdlib/assert-is-array@0.2.3':
    dependencies:
      '@stdlib/utils-native-class': 0.2.3

  '@stdlib/assert-is-boolean@0.2.3':
    dependencies:
      '@stdlib/assert-has-tostringtag-support': 0.2.3
      '@stdlib/boolean-ctor': 0.2.3
      '@stdlib/utils-define-nonenumerable-read-only-property': 0.2.3
      '@stdlib/utils-native-class': 0.2.3

  '@stdlib/assert-is-buffer@0.2.3':
    dependencies:
      '@stdlib/assert-is-object-like': 0.2.3

  '@stdlib/assert-is-function@0.2.3':
    dependencies:
      '@stdlib/utils-type-of': 0.2.3

  '@stdlib/assert-is-object-like@0.2.3':
    dependencies:
      '@stdlib/assert-tools-array-function': 0.2.3
      '@stdlib/utils-define-nonenumerable-read-only-property': 0.2.3

  '@stdlib/assert-is-object@0.2.3':
    dependencies:
      '@stdlib/assert-is-array': 0.2.3

  '@stdlib/assert-is-plain-object@0.2.3':
    dependencies:
      '@stdlib/assert-has-own-property': 0.2.3
      '@stdlib/assert-is-function': 0.2.3
      '@stdlib/assert-is-object': 0.2.3
      '@stdlib/utils-get-prototype-of': 0.2.3
      '@stdlib/utils-native-class': 0.2.3

  '@stdlib/assert-is-regexp@0.2.3':
    dependencies:
      '@stdlib/assert-has-tostringtag-support': 0.2.3
      '@stdlib/utils-native-class': 0.2.3

  '@stdlib/assert-is-string@0.2.3':
    dependencies:
      '@stdlib/assert-has-tostringtag-support': 0.2.3
      '@stdlib/utils-define-nonenumerable-read-only-property': 0.2.3
      '@stdlib/utils-native-class': 0.2.3

  '@stdlib/assert-tools-array-function@0.2.3':
    dependencies:
      '@stdlib/assert-is-array': 0.2.3
      '@stdlib/error-tools-fmtprodmsg': 0.2.3
      '@stdlib/string-format': 0.2.3

  '@stdlib/boolean-ctor@0.2.3': {}

  '@stdlib/error-tools-fmtprodmsg@0.2.3': {}

  '@stdlib/fs-exists@0.2.3':
    dependencies:
      '@stdlib/utils-define-nonenumerable-read-only-property': 0.2.3

  '@stdlib/fs-resolve-parent-path@0.2.3':
    dependencies:
      '@stdlib/assert-has-own-property': 0.2.3
      '@stdlib/assert-is-function': 0.2.3
      '@stdlib/assert-is-plain-object': 0.2.3
      '@stdlib/assert-is-string': 0.2.3
      '@stdlib/error-tools-fmtprodmsg': 0.2.3
      '@stdlib/fs-exists': 0.2.3
      '@stdlib/process-cwd': 0.2.3
      '@stdlib/string-format': 0.2.3
      '@stdlib/utils-define-nonenumerable-read-only-property': 0.2.3

  '@stdlib/math-base-assert-is-nan@0.2.3':
    dependencies:
      '@stdlib/utils-library-manifest': 0.2.4
    transitivePeerDependencies:
      - supports-color

  '@stdlib/number-int32-base-mul@0.0.1': {}

  '@stdlib/number-uint32-base-muldw@0.1.1':
    dependencies:
      '@stdlib/math-base-assert-is-nan': 0.2.3
      '@stdlib/utils-define-nonenumerable-read-only-property': 0.2.3
    transitivePeerDependencies:
      - supports-color

  '@stdlib/object-ctor@0.2.2': {}

  '@stdlib/process-cwd@0.2.3': {}

  '@stdlib/regexp-extended-length-path@0.2.3':
    dependencies:
      '@stdlib/utils-define-nonenumerable-read-only-property': 0.2.3

  '@stdlib/regexp-function-name@0.2.3':
    dependencies:
      '@stdlib/utils-define-nonenumerable-read-only-property': 0.2.3

  '@stdlib/string-base-format-interpolate@0.2.4': {}

  '@stdlib/string-base-format-tokenize@0.2.4': {}

  '@stdlib/string-base-lowercase@0.4.1': {}

  '@stdlib/string-base-replace@0.2.3': {}

  '@stdlib/string-format@0.2.3':
    dependencies:
      '@stdlib/string-base-format-interpolate': 0.2.4
      '@stdlib/string-base-format-tokenize': 0.2.4

  '@stdlib/string-replace@0.2.3':
    dependencies:
      '@stdlib/assert-is-function': 0.2.3
      '@stdlib/assert-is-regexp': 0.2.3
      '@stdlib/assert-is-string': 0.2.3
      '@stdlib/error-tools-fmtprodmsg': 0.2.3
      '@stdlib/string-base-replace': 0.2.3
      '@stdlib/string-format': 0.2.3
      '@stdlib/utils-escape-regexp-string': 0.2.3

  '@stdlib/symbol-ctor@0.2.3': {}

  '@stdlib/types@0.4.3': {}

  '@stdlib/utils-constructor-name@0.2.3':
    dependencies:
      '@stdlib/assert-is-buffer': 0.2.3
      '@stdlib/regexp-function-name': 0.2.3
      '@stdlib/utils-native-class': 0.2.3

  '@stdlib/utils-convert-path@0.2.3':
    dependencies:
      '@stdlib/assert-is-string': 0.2.3
      '@stdlib/error-tools-fmtprodmsg': 0.2.3
      '@stdlib/regexp-extended-length-path': 0.2.3
      '@stdlib/string-base-lowercase': 0.4.1
      '@stdlib/string-format': 0.2.3
      '@stdlib/string-replace': 0.2.3

  '@stdlib/utils-define-nonenumerable-read-only-property@0.2.3':
    dependencies:
      '@stdlib/types': 0.4.3
      '@stdlib/utils-define-property': 0.2.5

  '@stdlib/utils-define-property@0.2.5':
    dependencies:
      '@stdlib/error-tools-fmtprodmsg': 0.2.3
      '@stdlib/string-format': 0.2.3

  '@stdlib/utils-escape-regexp-string@0.2.3':
    dependencies:
      '@stdlib/assert-is-string': 0.2.3
      '@stdlib/error-tools-fmtprodmsg': 0.2.3
      '@stdlib/string-format': 0.2.3

  '@stdlib/utils-get-prototype-of@0.2.3':
    dependencies:
      '@stdlib/assert-is-function': 0.2.3
      '@stdlib/object-ctor': 0.2.2
      '@stdlib/utils-native-class': 0.2.3

  '@stdlib/utils-global@0.2.3':
    dependencies:
      '@stdlib/assert-is-boolean': 0.2.3
      '@stdlib/error-tools-fmtprodmsg': 0.2.3
      '@stdlib/string-format': 0.2.3

  '@stdlib/utils-library-manifest@0.2.4':
    dependencies:
      '@stdlib/fs-resolve-parent-path': 0.2.3
      '@stdlib/utils-convert-path': 0.2.3
      debug: 2.6.9
      resolve: 1.22.12
    transitivePeerDependencies:
      - supports-color

  '@stdlib/utils-native-class@0.2.3':
    dependencies:
      '@stdlib/assert-has-own-property': 0.2.3
      '@stdlib/assert-has-tostringtag-support': 0.2.3
      '@stdlib/symbol-ctor': 0.2.3

  '@stdlib/utils-type-of@0.2.3':
    dependencies:
      '@stdlib/utils-constructor-name': 0.2.3
      '@stdlib/utils-global': 0.2.3

  debug@2.6.9:
    dependencies:
      ms: 2.0.0

  es-errors@1.3.0: {}

  function-bind@1.1.2: {}

  hasown@2.0.3:
    dependencies:
      function-bind: 1.1.2

  is-core-module@2.16.1:
    dependencies:
      hasown: 2.0.3

  ms@2.0.0: {}

  path-parse@1.0.7: {}

  resolve@1.22.12:
    dependencies:
      es-errors: 1.3.0
      is-core-module: 2.16.1
      path-parse: 1.0.7
      supports-preserve-symlinks-flag: 1.0.0

  supports-preserve-symlinks-flag@1.0.0: {}
